
Microsoft Visual Studio Solution File, Format Version 12.00
# Visual Studio Version 17
VisualStudioVersion = 17.2.32630.192
MinimumVisualStudioVersion = 10.0.40219.1
Project("{8BC9CEB8-8B4A-11D0-8D11-00A0C91BC942}") = "删除链表元素__递归版", "删除链表元素__递归版\删除链表元素__递归版.vcxproj", "{527434A6-68A9-4214-8E01-DE6FE1037CDE}"
EndProject
Global
	GlobalSection(SolutionConfigurationPlatforms) = preSolution
		Debug|x64 = Debug|x64
		Debug|x86 = Debug|x86
		Release|x64 = Release|x64
		Release|x86 = Release|x86
	EndGlobalSection
	GlobalSection(ProjectConfigurationPlatforms) = postSolution
		{527434A6-68A9-4214-8E01-DE6FE1037CDE}.Debug|x64.ActiveCfg = Debug|x64
		{527434A6-68A9-4214-8E01-DE6FE1037CDE}.Debug|x64.Build.0 = Debug|x64
		{527434A6-68A9-4214-8E01-DE6FE1037CDE}.Debug|x86.ActiveCfg = Debug|Win32
		{527434A6-68A9-4214-8E01-DE6FE1037CDE}.Debug|x86.Build.0 = Debug|Win32
		{527434A6-68A9-4214-8E01-DE6FE1037CDE}.Release|x64.ActiveCfg = Release|x64
		{527434A6-68A9-4214-8E01-DE6FE1037CDE}.Release|x64.Build.0 = Release|x64
		{527434A6-68A9-4214-8E01-DE6FE1037CDE}.Release|x86.ActiveCfg = Release|Win32
		{527434A6-68A9-4214-8E01-DE6FE1037CDE}.Release|x86.Build.0 = Release|Win32
	EndGlobalSection
	GlobalSection(SolutionProperties) = preSolution
		HideSolutionNode = FALSE
	EndGlobalSection
	GlobalSection(ExtensibilityGlobals) = postSolution
		SolutionGuid = {8153AC46-5E03-4DB6-B829-394B6D8E3106}
	EndGlobalSection
EndGlobal
